{
  "name": "y",
  "version": "1.0.0",
  "lockfileVersion": 1,
  "requires": true,
  "dependencies": {
    "close": {
      "version": "0.0.1",
      "resolved": "https://registry.npmjs.org/close/-/close-0.0.1.tgz",
      "integrity": "sha1-7w4KFYOpldhHZ9DTWLlvMYFljQg="
    },
    "gulp-sass": {
      "version": "4.0.2",
      "resolved": "http://registry.npm.taobao.org/gulp-sass/download/gulp-sass-4.0.2.tgz",
      "dev": true,
      "dependencies": {
        "chalk": {
          "version": "http://registry.npm.taobao.org/chalk/download/chalk-2.4.1.tgz"
        },
        "lodash.clonedeep": {
          "version": "http://registry.npm.taobao.org/lodash.clonedeep/download/lodash.clonedeep-4.5.0.tgz"
        },
        "node-sass": {
          "version": "http://registry.npm.taobao.org/node-sass/download/node-sass-4.10.0.tgz"
        },
        "plugin-error": {
          "version": "http://registry.npm.taobao.org/plugin-error/download/plugin-error-1.0.1.tgz"
        },
        "replace-ext": {
          "version": "http://registry.npm.taobao.org/replace-ext/download/replace-ext-1.0.0.tgz"
        },
        "strip-ansi": {
          "version": "http://registry.npm.taobao.org/strip-ansi/download/strip-ansi-4.0.0.tgz"
        },
        "through2": {
          "version": "http://registry.npm.taobao.org/through2/download/through2-2.0.5.tgz"
        },
        "vinyl-sourcemaps-apply": {
          "version": "http://registry.npm.taobao.org/vinyl-sourcemaps-apply/download/vinyl-sourcemaps-apply-0.2.1.tgz"
        }
      }
    }
  }
}
